
Microsoft Visual Studio Solution File, Format Version 12.00
# Visual Studio Version 16
VisualStudioVersion = 16.0.32929.386
MinimumVisualStudioVersion = 10.0.40219.1
Project("{FAE04EC0-301F-11D3-BF4B-00C04F79EFBC}") = "NumericSystemConverter", "NumericSystemConverter.csproj", "{A0AACC6E-BEEA-4D55-BDFD-4FB3A76EC831}"
EndProject
Global
	GlobalSection(SolutionConfigurationPlatforms) = preSolution
		Debug|Any CPU = Debug|Any CPU
		Release|Any CPU = Release|Any CPU
	EndGlobalSection
	GlobalSection(ProjectConfigurationPlatforms) = postSolution
		{A0AACC6E-BEEA-4D55-BDFD-4FB3A76EC831}.Debug|Any CPU.ActiveCfg = Debug|Any CPU
		{A0AACC6E-BEEA-4D55-BDFD-4FB3A76EC831}.Debug|Any CPU.Build.0 = Debug|Any CPU
		{A0AACC6E-BEEA-4D55-BDFD-4FB3A76EC831}.Release|Any CPU.ActiveCfg = Release|Any CPU
		{A0AACC6E-BEEA-4D55-BDFD-4FB3A76EC831}.Release|Any CPU.Build.0 = Release|Any CPU
	EndGlobalSection
	GlobalSection(SolutionProperties) = preSolution
		HideSolutionNode = FALSE
	EndGlobalSection
	GlobalSection(ExtensibilityGlobals) = postSolution
		SolutionGuid = {9AEB90AA-7263-412D-B8E8-665FD899B8E9}
	EndGlobalSection
EndGlobal
